
Microsoft Visual Studio Solution File, Format Version 12.00
Project("{FAE04EC0-301F-11D3-BF4B-00C04F79EFBC}") = "FriendlyAPI.Service.Tests", "FriendlyAPI.Service.Tests\FriendlyAPI.Service.Tests.csproj", "{BDB11A99-0155-4C29-8ABF-7653E04F3288}"
EndProject
Project("{FAE04EC0-301F-11D3-BF4B-00C04F79EFBC}") = "FriendlyApi.Service", "FriendlyAPI.Service\FriendlyApi.Service.csproj", "{2E5AA5D5-8B6E-4204-A401-1852CC575BAC}"
EndProject
Global
	GlobalSection(SolutionConfigurationPlatforms) = preSolution
		Debug|Any CPU = Debug|Any CPU
		Release|Any CPU = Release|Any CPU
	EndGlobalSection
	GlobalSection(ProjectConfigurationPlatforms) = postSolution
		{BDB11A99-0155-4C29-8ABF-7653E04F3288}.Debug|Any CPU.ActiveCfg = Debug|Any CPU
		{BDB11A99-0155-4C29-8ABF-7653E04F3288}.Debug|Any CPU.Build.0 = Debug|Any CPU
		{BDB11A99-0155-4C29-8ABF-7653E04F3288}.Release|Any CPU.ActiveCfg = Release|Any CPU
		{BDB11A99-0155-4C29-8ABF-7653E04F3288}.Release|Any CPU.Build.0 = Release|Any CPU
		{2E5AA5D5-8B6E-4204-A401-1852CC575BAC}.Debug|Any CPU.ActiveCfg = Debug|Any CPU
		{2E5AA5D5-8B6E-4204-A401-1852CC575BAC}.Debug|Any CPU.Build.0 = Debug|Any CPU
		{2E5AA5D5-8B6E-4204-A401-1852CC575BAC}.Release|Any CPU.ActiveCfg = Release|Any CPU
		{2E5AA5D5-8B6E-4204-A401-1852CC575BAC}.Release|Any CPU.Build.0 = Release|Any CPU
	EndGlobalSection
EndGlobal
